Microsoft Visual Studio Solution File, Format Version 12.00
# Visual Studio Version 17
VisualStudioVersion = 17.0.31903.59
MinimumVisualStudioVersion = 10.0.40219.1
Project("{FAE04EC0-301F-11D3-BF4B-00C04F79EFBC}") = "CampaignBudgetAPI.Tests", "CampaignBudgetAPI.Tests\CampaignBudgetAPI.Tests.csproj", "{5855D929-9B32-40FF-B2A4-E2C7EA0D07F6}"
EndProject
Project("{FAE04EC0-301F-11D3-BF4B-00C04F79EFBC}") = "CampaignBudgetAPI", "CampaignBudgetAPI\CampaignBudgetAPI.csproj", "{208BEF91-B7E3-4B24-BBE6-13C25A2A0016}"
EndProject
Global
	GlobalSection(SolutionConfigurationPlatforms) = preSolution
		Debug|Any CPU = Debug|Any CPU
		Release|Any CPU = Release|Any CPU
	EndGlobalSection
	GlobalSection(SolutionProperties) = preSolution
		HideSolutionNode = FALSE
	EndGlobalSection
	GlobalSection(ProjectConfigurationPlatforms) = postSolution
		{5855D929-9B32-40FF-B2A4-E2C7EA0D07F6}.Debug|Any CPU.ActiveCfg = Debug|Any CPU
		{5855D929-9B32-40FF-B2A4-E2C7EA0D07F6}.Debug|Any CPU.Build.0 = Debug|Any CPU
		{5855D929-9B32-40FF-B2A4-E2C7EA0D07F6}.Release|Any CPU.ActiveCfg = Release|Any CPU
		{5855D929-9B32-40FF-B2A4-E2C7EA0D07F6}.Release|Any CPU.Build.0 = Release|Any CPU
		{208BEF91-B7E3-4B24-BBE6-13C25A2A0016}.Debug|Any CPU.ActiveCfg = Debug|Any CPU
		{208BEF91-B7E3-4B24-BBE6-13C25A2A0016}.Debug|Any CPU.Build.0 = Debug|Any CPU
		{208BEF91-B7E3-4B24-BBE6-13C25A2A0016}.Release|Any CPU.ActiveCfg = Release|Any CPU
		{208BEF91-B7E3-4B24-BBE6-13C25A2A0016}.Release|Any CPU.Build.0 = Release|Any CPU
	EndGlobalSection
EndGlobal